
Microsoft Visual Studio Solution File, Format Version 12.00
# Visual Studio Version 16
VisualStudioVersion = 16.0.30503.244
MinimumVisualStudioVersion = 10.0.40219.1
Project("{FAE04EC0-301F-11D3-BF4B-00C04F79EFBC}") = "Modeling", "Modeling\Modeling.csproj", "{3973F29C-E2E7-4E59-8E75-19E67D3B085D}"
EndProject
Global
	GlobalSection(SolutionConfigurationPlatforms) = preSolution
		Debug|Any CPU = Debug|Any CPU
		Release|Any CPU = Release|Any CPU
	EndGlobalSection
	GlobalSection(ProjectConfigurationPlatforms) = postSolution
		{3973F29C-E2E7-4E59-8E75-19E67D3B085D}.Debug|Any CPU.ActiveCfg = Debug|Any CPU
		{3973F29C-E2E7-4E59-8E75-19E67D3B085D}.Debug|Any CPU.Build.0 = Debug|Any CPU
		{3973F29C-E2E7-4E59-8E75-19E67D3B085D}.Release|Any CPU.ActiveCfg = Release|Any CPU
		{3973F29C-E2E7-4E59-8E75-19E67D3B085D}.Release|Any CPU.Build.0 = Release|Any CPU
	EndGlobalSection
	GlobalSection(SolutionProperties) = preSolution
		HideSolutionNode = FALSE
	EndGlobalSection
	GlobalSection(ExtensibilityGlobals) = postSolution
		SolutionGuid = {DCBCBC02-AA21-4111-ACE1-B8B1B8879705}
	EndGlobalSection
EndGlobal
